
Microsoft Visual Studio Solution File, Format Version 12.00
# Visual Studio Version 16
VisualStudioVersion = 16.0.29009.5
MinimumVisualStudioVersion = 10.0.40219.1
Project("{FAE04EC0-301F-11D3-BF4B-00C04F79EFBC}") = "VerbaCompareScraper", "VerbaCompareScraper.csproj", "{A3CCDFE1-A5B0-4411-8ABD-226674F4DD2F}"
EndProject
Global
	GlobalSection(SolutionConfigurationPlatforms) = preSolution
		Debug|Any CPU = Debug|Any CPU
		Release|Any CPU = Release|Any CPU
	EndGlobalSection
	GlobalSection(ProjectConfigurationPlatforms) = postSolution
		{A3CCDFE1-A5B0-4411-8ABD-226674F4DD2F}.Debug|Any CPU.ActiveCfg = Debug|Any CPU
		{A3CCDFE1-A5B0-4411-8ABD-226674F4DD2F}.Debug|Any CPU.Build.0 = Debug|Any CPU
		{A3CCDFE1-A5B0-4411-8ABD-226674F4DD2F}.Release|Any CPU.ActiveCfg = Release|Any CPU
		{A3CCDFE1-A5B0-4411-8ABD-226674F4DD2F}.Release|Any CPU.Build.0 = Release|Any CPU
	EndGlobalSection
	GlobalSection(SolutionProperties) = preSolution
		HideSolutionNode = FALSE
	EndGlobalSection
	GlobalSection(ExtensibilityGlobals) = postSolution
		SolutionGuid = {9F95B64A-AAF9-438C-8025-9BC5E7593D00}
	EndGlobalSection
EndGlobal
